
Microsoft Visual Studio Solution File, Format Version 12.00
# Visual Studio Version 17
VisualStudioVersion = 17.8.34322.80
MinimumVisualStudioVersion = 10.0.40219.1
Project("{FAE04EC0-301F-11D3-BF4B-00C04F79EFBC}") = "IC2 Mission Converter", "IC2 Mission Converter.csproj", "{FC3EC374-191B-4F60-B2C2-07ABE30E9525}"
EndProject
Project("{2150E333-8FDC-42A3-9474-1A3956D46DE8}") = "Solution Items", "Solution Items", "{DFEB5C30-BA74-4373-8EB1-CE4549F64196}"
	ProjectSection(SolutionItems) = preProject
		.editorconfig = .editorconfig
	EndProjectSection
EndProject
Global
	GlobalSection(SolutionConfigurationPlatforms) = preSolution
		Debug|Any CPU = Debug|Any CPU
		Release|Any CPU = Release|Any CPU
	EndGlobalSection
	GlobalSection(ProjectConfigurationPlatforms) = postSolution
		{FC3EC374-191B-4F60-B2C2-07ABE30E9525}.Debug|Any CPU.ActiveCfg = Debug|Any CPU
		{FC3EC374-191B-4F60-B2C2-07ABE30E9525}.Debug|Any CPU.Build.0 = Debug|Any CPU
		{FC3EC374-191B-4F60-B2C2-07ABE30E9525}.Release|Any CPU.ActiveCfg = Release|Any CPU
		{FC3EC374-191B-4F60-B2C2-07ABE30E9525}.Release|Any CPU.Build.0 = Release|Any CPU
	EndGlobalSection
	GlobalSection(SolutionProperties) = preSolution
		HideSolutionNode = FALSE
	EndGlobalSection
	GlobalSection(ExtensibilityGlobals) = postSolution
		SolutionGuid = {E3ECCB28-C966-4FE8-95B2-C209E280C90B}
	EndGlobalSection
EndGlobal
